
Microsoft Visual Studio Solution File, Format Version 12.00
# Visual Studio Version 17
VisualStudioVersion = 17.4.33122.133
MinimumVisualStudioVersion = 10.0.40219.1
Project("{FAE04EC0-301F-11D3-BF4B-00C04F79EFBC}") = "Banking.UnitTests", "BankingUnitTests\Banking.UnitTests.csproj", "{462E83C7-E6B2-4145-A843-73CDD2B009D2}"
EndProject
Project("{FAE04EC0-301F-11D3-BF4B-00C04F79EFBC}") = "Banking.Domain", "Banking.Domain\Banking.Domain.csproj", "{CFCF0520-096C-4778-8311-AB9555A10554}"
EndProject
Global
	GlobalSection(SolutionConfigurationPlatforms) = preSolution
		Debug|Any CPU = Debug|Any CPU
		Release|Any CPU = Release|Any CPU
	EndGlobalSection
	GlobalSection(ProjectConfigurationPlatforms) = postSolution
		{462E83C7-E6B2-4145-A843-73CDD2B009D2}.Debug|Any CPU.ActiveCfg = Debug|Any CPU
		{462E83C7-E6B2-4145-A843-73CDD2B009D2}.Debug|Any CPU.Build.0 = Debug|Any CPU
		{462E83C7-E6B2-4145-A843-73CDD2B009D2}.Release|Any CPU.ActiveCfg = Release|Any CPU
		{462E83C7-E6B2-4145-A843-73CDD2B009D2}.Release|Any CPU.Build.0 = Release|Any CPU
		{CFCF0520-096C-4778-8311-AB9555A10554}.Debug|Any CPU.ActiveCfg = Debug|Any CPU
		{CFCF0520-096C-4778-8311-AB9555A10554}.Debug|Any CPU.Build.0 = Debug|Any CPU
		{CFCF0520-096C-4778-8311-AB9555A10554}.Release|Any CPU.ActiveCfg = Release|Any CPU
		{CFCF0520-096C-4778-8311-AB9555A10554}.Release|Any CPU.Build.0 = Release|Any CPU
	EndGlobalSection
	GlobalSection(SolutionProperties) = preSolution
		HideSolutionNode = FALSE
	EndGlobalSection
	GlobalSection(ExtensibilityGlobals) = postSolution
		SolutionGuid = {30F3E073-709A-47C3-9A8F-E33273D23668}
	EndGlobalSection
EndGlobal
